
Microsoft Visual Studio Solution File, Format Version 12.00
# Visual Studio Version 17
VisualStudioVersion = 17.8.34408.163
MinimumVisualStudioVersion = 10.0.40219.1
Project("{FAE04EC0-301F-11D3-BF4B-00C04F79EFBC}") = "LTKForge", "LanguageConverter\LTKForge.csproj", "{F6D0FB4C-BFF0-494D-AA09-073A60722B1F}"
EndProject
Global
	GlobalSection(SolutionConfigurationPlatforms) = preSolution
		Debug|Any CPU = Debug|Any CPU
		Release|Any CPU = Release|Any CPU
	EndGlobalSection
	GlobalSection(ProjectConfigurationPlatforms) = postSolution
		{F6D0FB4C-BFF0-494D-AA09-073A60722B1F}.Debug|Any CPU.ActiveCfg = Debug|Any CPU
		{F6D0FB4C-BFF0-494D-AA09-073A60722B1F}.Debug|Any CPU.Build.0 = Debug|Any CPU
		{F6D0FB4C-BFF0-494D-AA09-073A60722B1F}.Release|Any CPU.ActiveCfg = Release|Any CPU
		{F6D0FB4C-BFF0-494D-AA09-073A60722B1F}.Release|Any CPU.Build.0 = Release|Any CPU
	EndGlobalSection
	GlobalSection(SolutionProperties) = preSolution
		HideSolutionNode = FALSE
	EndGlobalSection
	GlobalSection(ExtensibilityGlobals) = postSolution
		SolutionGuid = {F1E1EA4B-E17C-44C0-A692-E56806E98A8A}
	EndGlobalSection
EndGlobal
